{
  "version": "4",
  "specifiers": {
    "jsr:@aurellis/helpers@^1.0.2": "1.0.2",
    "npm:fast-simplex-noise@4": "4.0.0"
  },
  "jsr": {
    "@aurellis/helpers@1.0.2": {
      "integrity": "85fa62a813b727dc17c0dfe21d3ddce1249720d7907ec17568e54975d0eaad33"
    }
  },
  "npm": {
    "fast-simplex-noise@4.0.0": {
      "integrity": "sha512-2zRCJkPdMnPyXNEeI5IYgH555Nbd/j9nC8YVoOm5dmFDjqxuLD888nEAGB8cSUIyxLlNHCZVlZ7AO27Fm3boJA=="
    }
  },
  "workspace": {
    "dependencies": [
      "jsr:@aurellis/helpers@^1.0.2",
      "npm:fast-simplex-noise@4"
    ]
  }
}
